
Microsoft Visual Studio Solution File, Format Version 12.00
# Visual Studio Version 17
VisualStudioVersion = 17.0.31903.59
MinimumVisualStudioVersion = 10.0.40219.1
Project("{2150E333-8FDC-42A3-9474-1A3956D46DE8}") = "src", "src", "{827E0CD3-B72D-47B6-A68D-7590B98EB39B}"
EndProject
Project("{2150E333-8FDC-42A3-9474-1A3956D46DE8}") = "backend", "backend", "{FE360695-3F2B-1049-3887-35FBB5135923}"
EndProject
Project("{FAE04EC0-301F-11D3-BF4B-00C04F79EFBC}") = "PaperTrade.Api", "src\backend\PaperTrade.Api\PaperTrade.Api.csproj", "{AF32E17E-62DF-431F-BA05-095DAD462CB6}"
EndProject
Project("{FAE04EC0-301F-11D3-BF4B-00C04F79EFBC}") = "PaperTrade.Application", "src\backend\PaperTrade.Application\PaperTrade.Application.csproj", "{EBC351B4-9090-4CF3-B052-21826DDC740D}"
EndProject
Project("{FAE04EC0-301F-11D3-BF4B-00C04F79EFBC}") = "PaperTrade.Domain", "src\backend\PaperTrade.Domain\PaperTrade.Domain.csproj", "{99607464-8293-43DE-998B-D5A6400E4F0E}"
EndProject
Project("{FAE04EC0-301F-11D3-BF4B-00C04F79EFBC}") = "PaperTrade.Infrastructure", "src\backend\PaperTrade.Infrastructure\PaperTrade.Infrastructure.csproj", "{654E3BA6-B236-46F7-9E5B-80AB74986B39}"
EndProject
Project("{2150E333-8FDC-42A3-9474-1A3956D46DE8}") = "tests", "tests", "{0AB3BF05-4346-4AA6-1389-037BE0695223}"
EndProject
Project("{FAE04EC0-301F-11D3-BF4B-00C04F79EFBC}") = "PaperTrade.UnitTests", "tests\PaperTrade.UnitTests\PaperTrade.UnitTests.csproj", "{6E3B01B2-9F41-42B6-A193-BC6B013B754A}"
EndProject
Project("{FAE04EC0-301F-11D3-BF4B-00C04F79EFBC}") = "PaperTrade.IntegrationTests", "tests\PaperTrade.IntegrationTests\PaperTrade.IntegrationTests.csproj", "{6B9771F0-C720-4650-8AE0-D9E7378F6B5B}"
EndProject
Global
	GlobalSection(SolutionConfigurationPlatforms) = preSolution
		Debug|Any CPU = Debug|Any CPU
		Debug|x64 = Debug|x64
		Debug|x86 = Debug|x86
		Release|Any CPU = Release|Any CPU
		Release|x64 = Release|x64
		Release|x86 = Release|x86
	EndGlobalSection
	GlobalSection(ProjectConfigurationPlatforms) = postSolution
		{AF32E17E-62DF-431F-BA05-095DAD462CB6}.Debug|Any CPU.ActiveCfg = Debug|Any CPU
		{AF32E17E-62DF-431F-BA05-095DAD462CB6}.Debug|Any CPU.Build.0 = Debug|Any CPU
		{AF32E17E-62DF-431F-BA05-095DAD462CB6}.Debug|x64.ActiveCfg = Debug|Any CPU
		{AF32E17E-62DF-431F-BA05-095DAD462CB6}.Debug|x64.Build.0 = Debug|Any CPU
		{AF32E17E-62DF-431F-BA05-095DAD462CB6}.Debug|x86.ActiveCfg = Debug|Any CPU
		{AF32E17E-62DF-431F-BA05-095DAD462CB6}.Debug|x86.Build.0 = Debug|Any CPU
		{AF32E17E-62DF-431F-BA05-095DAD462CB6}.Release|Any CPU.ActiveCfg = Release|Any CPU
		{AF32E17E-62DF-431F-BA05-095DAD462CB6}.Release|Any CPU.Build.0 = Release|Any CPU
		{AF32E17E-62DF-431F-BA05-095DAD462CB6}.Release|x64.ActiveCfg = Release|Any CPU
		{AF32E17E-62DF-431F-BA05-095DAD462CB6}.Release|x64.Build.0 = Release|Any CPU
		{AF32E17E-62DF-431F-BA05-095DAD462CB6}.Release|x86.ActiveCfg = Release|Any CPU
		{AF32E17E-62DF-431F-BA05-095DAD462CB6}.Release|x86.Build.0 = Release|Any CPU
		{EBC351B4-9090-4CF3-B052-21826DDC740D}.Debug|Any CPU.ActiveCfg = Debug|Any CPU
		{EBC351B4-9090-4CF3-B052-21826DDC740D}.Debug|Any CPU.Build.0 = Debug|Any CPU
		{EBC351B4-9090-4CF3-B052-21826DDC740D}.Debug|x64.ActiveCfg = Debug|Any CPU
		{EBC351B4-9090-4CF3-B052-21826DDC740D}.Debug|x64.Build.0 = Debug|Any CPU
		{EBC351B4-9090-4CF3-B052-21826DDC740D}.Debug|x86.ActiveCfg = Debug|Any CPU
		{EBC351B4-9090-4CF3-B052-21826DDC740D}.Debug|x86.Build.0 = Debug|Any CPU
		{EBC351B4-9090-4CF3-B052-21826DDC740D}.Release|Any CPU.ActiveCfg = Release|Any CPU
		{EBC351B4-9090-4CF3-B052-21826DDC740D}.Release|Any CPU.Build.0 = Release|Any CPU
		{EBC351B4-9090-4CF3-B052-21826DDC740D}.Release|x64.ActiveCfg = Release|Any CPU
		{EBC351B4-9090-4CF3-B052-21826DDC740D}.Release|x64.Build.0 = Release|Any CPU
		{EBC351B4-9090-4CF3-B052-21826DDC740D}.Release|x86.ActiveCfg = Release|Any CPU
		{EBC351B4-9090-4CF3-B052-21826DDC740D}.Release|x86.Build.0 = Release|Any CPU
		{99607464-8293-43DE-998B-D5A6400E4F0E}.Debug|Any CPU.ActiveCfg = Debug|Any CPU
		{99607464-8293-43DE-998B-D5A6400E4F0E}.Debug|Any CPU.Build.0 = Debug|Any CPU
		{99607464-8293-43DE-998B-D5A6400E4F0E}.Debug|x64.ActiveCfg = Debug|Any CPU
		{99607464-8293-43DE-998B-D5A6400E4F0E}.Debug|x64.Build.0 = Debug|Any CPU
		{99607464-8293-43DE-998B-D5A6400E4F0E}.Debug|x86.ActiveCfg = Debug|Any CPU
		{99607464-8293-43DE-998B-D5A6400E4F0E}.Debug|x86.Build.0 = Debug|Any CPU
		{99607464-8293-43DE-998B-D5A6400E4F0E}.Release|Any CPU.ActiveCfg = Release|Any CPU
		{99607464-8293-43DE-998B-D5A6400E4F0E}.Release|Any CPU.Build.0 = Release|Any CPU
		{99607464-8293-43DE-998B-D5A6400E4F0E}.Release|x64.ActiveCfg = Release|Any CPU
		{99607464-8293-43DE-998B-D5A6400E4F0E}.Release|x64.Build.0 = Release|Any CPU
		{99607464-8293-43DE-998B-D5A6400E4F0E}.Release|x86.ActiveCfg = Release|Any CPU
		{99607464-8293-43DE-998B-D5A6400E4F0E}.Release|x86.Build.0 = Release|Any CPU
		{654E3BA6-B236-46F7-9E5B-80AB74986B39}.Debug|Any CPU.ActiveCfg = Debug|Any CPU
		{654E3BA6-B236-46F7-9E5B-80AB74986B39}.Debug|Any CPU.Build.0 = Debug|Any CPU
		{654E3BA6-B236-46F7-9E5B-80AB74986B39}.Debug|x64.ActiveCfg = Debug|Any CPU
		{654E3BA6-B236-46F7-9E5B-80AB74986B39}.Debug|x64.Build.0 = Debug|Any CPU
		{654E3BA6-B236-46F7-9E5B-80AB74986B39}.Debug|x86.ActiveCfg = Debug|Any CPU
		{654E3BA6-B236-46F7-9E5B-80AB74986B39}.Debug|x86.Build.0 = Debug|Any CPU
		{654E3BA6-B236-46F7-9E5B-80AB74986B39}.Release|Any CPU.ActiveCfg = Release|Any CPU
		{654E3BA6-B236-46F7-9E5B-80AB74986B39}.Release|Any CPU.Build.0 = Release|Any CPU
		{654E3BA6-B236-46F7-9E5B-80AB74986B39}.Release|x64.ActiveCfg = Release|Any CPU
		{654E3BA6-B236-46F7-9E5B-80AB74986B39}.Release|x64.Build.0 = Release|Any CPU
		{654E3BA6-B236-46F7-9E5B-80AB74986B39}.Release|x86.ActiveCfg = Release|Any CPU
		{654E3BA6-B236-46F7-9E5B-80AB74986B39}.Release|x86.Build.0 = Release|Any CPU
		{6E3B01B2-9F41-42B6-A193-BC6B013B754A}.Debug|Any CPU.ActiveCfg = Debug|Any CPU
		{6E3B01B2-9F41-42B6-A193-BC6B013B754A}.Debug|Any CPU.Build.0 = Debug|Any CPU
		{6E3B01B2-9F41-42B6-A193-BC6B013B754A}.Debug|x64.ActiveCfg = Debug|Any CPU
		{6E3B01B2-9F41-42B6-A193-BC6B013B754A}.Debug|x64.Build.0 = Debug|Any CPU
		{6E3B01B2-9F41-42B6-A193-BC6B013B754A}.Debug|x86.ActiveCfg = Debug|Any CPU
		{6E3B01B2-9F41-42B6-A193-BC6B013B754A}.Debug|x86.Build.0 = Debug|Any CPU
		{6E3B01B2-9F41-42B6-A193-BC6B013B754A}.Release|Any CPU.ActiveCfg = Release|Any CPU
		{6E3B01B2-9F41-42B6-A193-BC6B013B754A}.Release|Any CPU.Build.0 = Release|Any CPU
		{6E3B01B2-9F41-42B6-A193-BC6B013B754A}.Release|x64.ActiveCfg = Release|Any CPU
		{6E3B01B2-9F41-42B6-A193-BC6B013B754A}.Release|x64.Build.0 = Release|Any CPU
		{6E3B01B2-9F41-42B6-A193-BC6B013B754A}.Release|x86.ActiveCfg = Release|Any CPU
		{6E3B01B2-9F41-42B6-A193-BC6B013B754A}.Release|x86.Build.0 = Release|Any CPU
		{6B9771F0-C720-4650-8AE0-D9E7378F6B5B}.Debug|Any CPU.ActiveCfg = Debug|Any CPU
		{6B9771F0-C720-4650-8AE0-D9E7378F6B5B}.Debug|Any CPU.Build.0 = Debug|Any CPU
		{6B9771F0-C720-4650-8AE0-D9E7378F6B5B}.Debug|x64.ActiveCfg = Debug|Any CPU
		{6B9771F0-C720-4650-8AE0-D9E7378F6B5B}.Debug|x64.Build.0 = Debug|Any CPU
		{6B9771F0-C720-4650-8AE0-D9E7378F6B5B}.Debug|x86.ActiveCfg = Debug|Any CPU
		{6B9771F0-C720-4650-8AE0-D9E7378F6B5B}.Debug|x86.Build.0 = Debug|Any CPU
		{6B9771F0-C720-4650-8AE0-D9E7378F6B5B}.Release|Any CPU.ActiveCfg = Release|Any CPU
		{6B9771F0-C720-4650-8AE0-D9E7378F6B5B}.Release|Any CPU.Build.0 = Release|Any CPU
		{6B9771F0-C720-4650-8AE0-D9E7378F6B5B}.Release|x64.ActiveCfg = Release|Any CPU
		{6B9771F0-C720-4650-8AE0-D9E7378F6B5B}.Release|x64.Build.0 = Release|Any CPU
		{6B9771F0-C720-4650-8AE0-D9E7378F6B5B}.Release|x86.ActiveCfg = Release|Any CPU
		{6B9771F0-C720-4650-8AE0-D9E7378F6B5B}.Release|x86.Build.0 = Release|Any CPU
	EndGlobalSection
	GlobalSection(SolutionProperties) = preSolution
		HideSolutionNode = FALSE
	EndGlobalSection
	GlobalSection(NestedProjects) = preSolution
		{FE360695-3F2B-1049-3887-35FBB5135923} = {827E0CD3-B72D-47B6-A68D-7590B98EB39B}
		{AF32E17E-62DF-431F-BA05-095DAD462CB6} = {FE360695-3F2B-1049-3887-35FBB5135923}
		{EBC351B4-9090-4CF3-B052-21826DDC740D} = {FE360695-3F2B-1049-3887-35FBB5135923}
		{99607464-8293-43DE-998B-D5A6400E4F0E} = {FE360695-3F2B-1049-3887-35FBB5135923}
		{654E3BA6-B236-46F7-9E5B-80AB74986B39} = {FE360695-3F2B-1049-3887-35FBB5135923}
		{6E3B01B2-9F41-42B6-A193-BC6B013B754A} = {0AB3BF05-4346-4AA6-1389-037BE0695223}
		{6B9771F0-C720-4650-8AE0-D9E7378F6B5B} = {0AB3BF05-4346-4AA6-1389-037BE0695223}
	EndGlobalSection
EndGlobal
